
Microsoft Visual Studio Solution File, Format Version 12.00
# Visual Studio Version 17
VisualStudioVersion = 17.11.35222.181
MinimumVisualStudioVersion = 10.0.40219.1
Project("{FAE04EC0-301F-11D3-BF4B-00C04F79EFBC}") = "Tamagochi", "Tamagochi\Tamagochi.csproj", "{8212D02F-B8A4-4099-801E-C774D8459B4D}"
EndProject
Global
	GlobalSection(SolutionConfigurationPlatforms) = preSolution
		Debug|Any CPU = Debug|Any CPU
		Release|Any CPU = Release|Any CPU
	EndGlobalSection
	GlobalSection(ProjectConfigurationPlatforms) = postSolution
		{8212D02F-B8A4-4099-801E-C774D8459B4D}.Debug|Any CPU.ActiveCfg = Debug|Any CPU
		{8212D02F-B8A4-4099-801E-C774D8459B4D}.Debug|Any CPU.Build.0 = Debug|Any CPU
		{8212D02F-B8A4-4099-801E-C774D8459B4D}.Release|Any CPU.ActiveCfg = Release|Any CPU
		{8212D02F-B8A4-4099-801E-C774D8459B4D}.Release|Any CPU.Build.0 = Release|Any CPU
	EndGlobalSection
	GlobalSection(SolutionProperties) = preSolution
		HideSolutionNode = FALSE
	EndGlobalSection
	GlobalSection(ExtensibilityGlobals) = postSolution
		SolutionGuid = {BC115492-C8B7-4152-891C-68B776E1793A}
	EndGlobalSection
EndGlobal
